version = 1
revision = 3
requires-python = ">=3.10, <=3.13"
resolution-markers = [
    "platform_machine == 'arm64' and sys_platform == 'darwin'",
    "platform_machine == 'x86_64' and sys_platform == 'linux'",
]
supported-markers = [
    "platform_machine == 'arm64' and sys_platform == 'darwin'",
    "platform_machine == 'x86_64' and sys_platform == 'linux'",
]

[[package]]
name = "cfgv"
version = "3.5.0"
source = { registry = "https://mirrors.aliyun.com/pypi/simple" }
sdist = { url = "https://mirrors.aliyun.com/pypi/packages/4e/b5/721b8799b04bf9afe054a3899c6cf4e880fcf8563cc71c15610242490a0c/cfgv-3.5.0.tar.gz", hash = "sha256:d5b1034354820651caa73ede66a6294d6e95c1b00acc5e9b098e917404669132" }
wheels = [
    { url = "https://mirrors.aliyun.com/pypi/packages/db/3c/33bac158f8ab7f89b2e59426d5fe2e4f63f7ed25df84c036890172b412b5/cfgv-3.5.0-py2.py3-none-any.whl", hash = "sha256:a8dc6b26ad22ff227d2634a65cb388215ce6cc96bbcc5cfde7641ae87e8dacc0" },
]

[[package]]
name = "coverage"
version = "7.13.2"
source = { registry = "https://mirrors.aliyun.com/pypi/simple" }
sdist = { url = "https://mirrors.aliyun.com/pypi/packages/ad/49/349848445b0e53660e258acbcc9b0d014895b6739237920886672240f84b/coverage-7.13.2.tar.gz", hash = "sha256:044c6951ec37146b72a50cc81ef02217d27d4c3640efd2640311393cbbf143d3" }
wheels = [
    { url = "https://mirrors.aliyun.com/pypi/packages/57/06/86ce882a8d58cbcb3030e298788988e618da35420d16a8c66dac34f138d0/coverage-7.13.2-cp310-cp310-macosx_11_0_arm64.whl", hash = "sha256:36393bd2841fa0b59498f75466ee9bdec4f770d3254f031f23e8fd8e140ffdd2" },
    { url = "https://mirrors.aliyun.com/pypi/packages/35/fb/05b9830c2e8275ebc031e0019387cda99113e62bb500ab328bb72578183b/coverage-7.13.2-cp310-cp310-manylinux1_x86_64.manylinux_2_28_x86_64.manylinux_2_5_x86_64.whl", hash = "sha256:ca9566769b69a5e216a4e176d54b9df88f29d750c5b78dbb899e379b4e14b30c" },
    { url = "https://mirrors.aliyun.com/pypi/packages/09/b1/4a3f935d7df154df02ff4f71af8d61298d713a7ba305d050ae475bfbdde2/coverage-7.13.2-cp310-cp310-musllinux_1_2_x86_64.whl", hash = "sha256:ed2bce0e7bfa53f7b0b01c722da289ef6ad4c18ebd52b1f93704c21f116360c8" },
    { url = "https://mirrors.aliyun.com/pypi/packages/eb/0e/b6489f344d99cd1e5b4d5e1be52dfd3f8a3dc5112aa6c33948da8cabad4e/coverage-7.13.2-cp311-cp311-macosx_11_0_arm64.whl", hash = "sha256:c1ea8ca9db5e7469cd364552985e15911548ea5b69c48a17291f0cac70484b2e" },
    { url = "https://mirrors.aliyun.com/pypi/packages/80/06/0823fe93913663c017e508e8810c998c8ebd3ec2a5a85d2c3754297bdede/coverage-7.13.2-cp311-cp311-manylinux1_x86_64.manylinux_2_28_x86_64.manylinux_2_5_x86_64.whl", hash = "sha256:88a800258d83acb803c38175b4495d293656d5fac48659c953c18e5f539a274b" },
    { url = "https://mirrors.aliyun.com/pypi/packages/e0/36/f02234bc6e5230e2f0a63fd125d0a2093c73ef20fdf681c7af62a140e4e7/coverage-7.13.2-cp311-cp311-musllinux_1_2_x86_64.whl", hash = "sha256:c6f141b468740197d6bd38f2b26ade124363228cc3f9858bd9924ab059e00059" },
    { url = "https://mirrors.aliyun.com/pypi/packages/45/7a/8bf9e9309c4c996e65c52a7c5a112707ecdd9fbaf49e10b5a705a402bbb4/coverage-7.13.2-cp312-cp312-macosx_11_0_arm64.whl", hash = "sha256:78f45d21dc4d5d6bd29323f0320089ef7eae16e4bef712dff79d184fa7330af3" },
    { url = "https://mirrors.aliyun.com/pypi/packages/12/f0/f9e59fb8c310171497f379e25db060abef9fa605e09d63157eebec102676/coverage-7.13.2-cp312-cp312-manylinux1_x86_64.manylinux_2_28_x86_64.manylinux_2_5_x86_64.whl", hash = "sha256:264657171406c114787b441484de620e03d8f7202f113d62fcd3d9688baa3e6f" },
    { url = "https://mirrors.aliyun.com/pypi/packages/ba/b1/0f5d89dfe0392990e4f3980adbde3eb34885bc1effb2dc369e0bf385e389/coverage-7.13.2-cp312-cp312-musllinux_1_2_x86_64.whl", hash = "sha256:b7fc50d2afd2e6b4f6f2f403b70103d280a8e0cb35320cbbe6debcda02a1030b" },
    { url = "https://mirrors.aliyun.com/pypi/packages/a3/a6/f8b5cfeddbab95fdef4dcd682d82e5dcff7a112ced57a959f89537ee9995/coverage-7.13.2-cp313-cp313-macosx_11_0_arm64.whl", hash = "sha256:97e596de8fa9bada4d88fde64a3f4d37f1b6131e4faa32bad7808abc79887ddc" },
    { url = "https://mirrors.aliyun.com/pypi/packages/8e/78/befa6640f74092b86961f957f26504c8fba3d7da57cc2ab7407391870495/coverage-7.13.2-cp313-cp313-manylinux1_x86_64.manylinux_2_28_x86_64.manylinux_2_5_x86_64.whl", hash = "sha256:7be4d613638d678b2b3773b8f687537b284d7074695a43fe2fbbfc0e31ceaed1" },
    { url = "https://mirrors.aliyun.com/pypi/packages/03/07/44e6f428551c4d9faf63ebcefe49b30e5c89d1be96f6a3abd86a52da9d15/coverage-7.13.2-cp313-cp313-musllinux_1_2_x86_64.whl", hash = "sha256:a55516c68ef3e08e134e818d5e308ffa6b1337cc8b092b69b24287bf07d38e31" },
    { url = "https://mirrors.aliyun.com/pypi/packages/42/11/0b5e315af5ab35f4c4a70e64d3314e4eec25eefc6dec13be3a7d5ffe8ac5/coverage-7.13.2-cp313-cp313t-macosx_11_0_arm64.whl", hash = "sha256:b01899e82a04085b6561eb233fd688474f57455e8ad35cd82286463ba06332b7" },
    { url = "https://mirrors.aliyun.com/pypi/packages/83/5e/1cd72c22ecb30751e43a72f40ba50fcef1b7e93e3ea823bd9feda8e51f9a/coverage-7.13.2-cp313-cp313t-manylinux1_x86_64.manylinux_2_28_x86_64.manylinux_2_5_x86_64.whl", hash = "sha256:93d1d25ec2b27e90bcfef7012992d1f5121b51161b8bffcda756a816cf13c2c3" },
    { url = "https://mirrors.aliyun.com/pypi/packages/0d/ae/04ffe96a80f107ea21b22b2367175c621da920063260a1c22f9452fd7866/coverage-7.13.2-cp313-cp313t-musllinux_1_2_x86_64.whl", hash = "sha256:c6cadac7b8ace1ba9144feb1ae3cb787a6065ba6d23ffc59a934b16406c26573" },
    { url = "https://mirrors.aliyun.com/pypi/packages/d2/db/d291e30fdf7ea617a335531e72294e0c723356d7fdde8fba00610a76bda9/coverage-7.13.2-py3-none-any.whl", hash = "sha256:40ce1ea1e25125556d8e76bd0b61500839a07944cc287ac21d5626f3e620cad5" },
]

[package.optional-dependencies]
toml = [
    { name = "tomli", marker = "(python_full_version <= '3.11' and platform_machine == 'arm64' and sys_platform == 'darwin') or (python_full_version <= '3.11' and platform_machine == 'x86_64' and sys_platform == 'linux')" },
]

[[package]]
name = "defusedxml"
version = "0.8.0rc2"
source = { registry = "https://mirrors.aliyun.com/pypi/simple" }
sdist = { url = "https://mirrors.aliyun.com/pypi/packages/5e/3b/b8849dcc3f96913924137dc4ea041d74aa513a3c5dda83d8366491290c74/defusedxml-0.8.0rc2.tar.gz", hash = "sha256:138c7d540a78775182206c7c97fe65b246a2f40b29471e1a2f1b0da76e7a3942" }
wheels = [
    { url = "https://mirrors.aliyun.com/pypi/packages/5d/c7/6b4ad89ca6f7732ff97ce5e9caa6fe739600d26c5d53c20d0bf9abb79ec5/defusedxml-0.8.0rc2-py2.py3-none-any.whl", hash = "sha256:1c812964311154c3bf4aaf3bc1443b31ee13530b7f255eaaa062c0553c76103d" },
]

[[package]]
name = "distlib"
version = "0.4.0"
source = { registry = "https://mirrors.aliyun.com/pypi/simple" }
sdist = { url = "https://mirrors.aliyun.com/pypi/packages/96/8e/709914eb2b5749865801041647dc7f4e6d00b549cfe88b65ca192995f07c/distlib-0.4.0.tar.gz", hash = "sha256:feec40075be03a04501a973d81f633735b4b69f98b05450592310c0f401a4e0d" }
wheels = [
    { url = "https://mirrors.aliyun.com/pypi/packages/33/6b/e0547afaf41bf2c42e52430072fa5658766e3d65bd4b03a563d1b6336f57/distlib-0.4.0-py2.py3-none-any.whl", hash = "sha256:9659f7d87e46584a30b5780e43ac7a2143098441670ff0a49d5f9034c54a6c16" },
]

[[package]]
name = "exceptiongroup"
version = "1.3.1"
source = { registry = "https://mirrors.aliyun.com/pypi/simple" }
dependencies = [
    { name = "typing-extensions", marker = "(python_full_version < '3.13' and platform_machine == 'arm64' and sys_platform == 'darwin') or (python_full_version < '3.13' and platform_machine == 'x86_64' and sys_platform == 'linux')" },
]
sdist = { url = "https://mirrors.aliyun.com/pypi/packages/50/79/66800aadf48771f6b62f7eb014e352e5d06856655206165d775e675a02c9/exceptiongroup-1.3.1.tar.gz", hash = "sha256:8b412432c6055b0b7d14c310000ae93352ed6754f70fa8f7c34141f91c4e3219" }
wheels = [
    { url = "https://mirrors.aliyun.com/pypi/packages/8a/0e/97c33bf5009bdbac74fd2beace167cab3f978feb69cc36f1ef79360d6c4e/exceptiongroup-1.3.1-py3-none-any.whl", hash = "sha256:a7a39a3bd276781e98394987d3a5701d0c4edffb633bb7a5144577f82c773598" },
]

[[package]]
name = "filelock"
version = "3.20.3"
source = { registry = "https://mirrors.aliyun.com/pypi/simple" }
sdist = { url = "https://mirrors.aliyun.com/pypi/packages/1d/65/ce7f1b70157833bf3cb851b556a37d4547ceafc158aa9b34b36782f23696/filelock-3.20.3.tar.gz", hash = "sha256:18c57ee915c7ec61cff0ecf7f0f869936c7c30191bb0cf406f1341778d0834e1" }
wheels = [
    { url = "https://mirrors.aliyun.com/pypi/packages/b5/36/7fb70f04bf00bc646cd5bb45aa9eddb15e19437a28b8fb2b4a5249fac770/filelock-3.20.3-py3-none-any.whl", hash = "sha256:4b0dda527ee31078689fc205ec4f1c1bf7d56cf88b6dc9426c4f230e46c2dce1" },
]

[[package]]
name = "identify"
version = "2.6.16"
source = { registry = "https://mirrors.aliyun.com/pypi/simple" }
sdist = { url = "https://mirrors.aliyun.com/pypi/packages/5b/8d/e8b97e6bd3fb6fb271346f7981362f1e04d6a7463abd0de79e1fda17c067/identify-2.6.16.tar.gz", hash = "sha256:846857203b5511bbe94d5a352a48ef2359532bc8f6727b5544077a0dcfb24980" }
wheels = [
    { url = "https://mirrors.aliyun.com/pypi/packages/b8/58/40fbbcefeda82364720eba5cf2270f98496bdfa19ea75b4cccae79c698e6/identify-2.6.16-py2.py3-none-any.whl", hash = "sha256:391ee4d77741d994189522896270b787aed8670389bfd60f326d677d64a6dfb0" },
]

[[package]]
name = "iniconfig"
version = "2.3.0"
source = { registry = "https://mirrors.aliyun.com/pypi/simple" }
sdist = { url = "https://mirrors.aliyun.com/pypi/packages/72/34/14ca021ce8e5dfedc35312d08ba8bf51fdd999c576889fc2c24cb97f4f10/iniconfig-2.3.0.tar.gz", hash = "sha256:c76315c77db068650d49c5b56314774a7804df16fee4402c1f19d6d15d8c4730" }
wheels = [
    { url = "https://mirrors.aliyun.com/pypi/packages/cb/b1/3846dd7f199d53cb17f49cba7e651e9ce294d8497c8c150530ed11865bb8/iniconfig-2.3.0-py3-none-any.whl", hash = "sha256:f631c04d2c48c52b84d0d0549c99ff3859c98df65b3101406327ecc7d53fbf12" },
]

[[package]]
name = "iroot-llm"
version = "0.1.0"
source = { editable = "." }

[package.dev-dependencies]
dev = [
    { name = "defusedxml", marker = "(platform_machine == 'arm64' and sys_platform == 'darwin') or (platform_machine == 'x86_64' and sys_platform == 'linux')" },
    { name = "pre-commit", marker = "(platform_machine == 'arm64' and sys_platform == 'darwin') or (platform_machine == 'x86_64' and sys_platform == 'linux')" },
    { name = "pytest-cov", marker = "(platform_machine == 'arm64' and sys_platform == 'darwin') or (platform_machine == 'x86_64' and sys_platform == 'linux')" },
    { name = "ruff", marker = "(platform_machine == 'arm64' and sys_platform == 'darwin') or (platform_machine == 'x86_64' and sys_platform == 'linux')" },
]

[package.metadata]

[package.metadata.requires-dev]
dev = [
    { name = "defusedxml", specifier = ">=0.8.0rc2" },
    { name = "pre-commit", specifier = ">=4.5.0" },
    { name = "pytest-cov", specifier = ">=7.0.0" },
    { name = "ruff", specifier = ">=0.14.6" },
]

[[package]]
name = "nodeenv"
version = "1.10.0"
source = { registry = "https://mirrors.aliyun.com/pypi/simple" }
sdist = { url = "https://mirrors.aliyun.com/pypi/packages/24/bf/d1bda4f6168e0b2e9e5958945e01910052158313224ada5ce1fb2e1113b8/nodeenv-1.10.0.tar.gz", hash = "sha256:996c191ad80897d076bdfba80a41994c2b47c68e224c542b48feba42ba00f8bb" }
wheels = [
    { url = "https://mirrors.aliyun.com/pypi/packages/88/b2/d0896bdcdc8d28a7fc5717c305f1a861c26e18c05047949fb371034d98bd/nodeenv-1.10.0-py2.py3-none-any.whl", hash = "sha256:5bb13e3eed2923615535339b3c620e76779af4cb4c6a90deccc9e36b274d3827" },
]

[[package]]
name = "packaging"
version = "26.0"
source = { registry = "https://mirrors.aliyun.com/pypi/simple" }
sdist = { url = "https://mirrors.aliyun.com/pypi/packages/65/ee/299d360cdc32edc7d2cf530f3accf79c4fca01e96ffc950d8a52213bd8e4/packaging-26.0.tar.gz", hash = "sha256:00243ae351a257117b6a241061796684b084ed1c516a08c48a3f7e147a9d80b4" }
wheels = [
    { url = "https://mirrors.aliyun.com/pypi/packages/b7/b9/c538f279a4e237a006a2c98387d081e9eb060d203d8ed34467cc0f0b9b53/packaging-26.0-py3-none-any.whl", hash = "sha256:b36f1fef9334a5588b4166f8bcd26a14e521f2b55e6b9de3aaa80d3ff7a37529" },
]

[[package]]
name = "platformdirs"
version = "4.5.1"
source = { registry = "https://mirrors.aliyun.com/pypi/simple" }
sdist = { url = "https://mirrors.aliyun.com/pypi/packages/cf/86/0248f086a84f01b37aaec0fa567b397df1a119f73c16f6c7a9aac73ea309/platformdirs-4.5.1.tar.gz", hash = "sha256:61d5cdcc6065745cdd94f0f878977f8de9437be93de97c1c12f853c9c0cdcbda" }
wheels = [
    { url = "https://mirrors.aliyun.com/pypi/packages/cb/28/3bfe2fa5a7b9c46fe7e13c97bda14c895fb10fa2ebf1d0abb90e0cea7ee1/platformdirs-4.5.1-py3-none-any.whl", hash = "sha256:d03afa3963c806a9bed9d5125c8f4cb2fdaf74a55ab60e5d59b3fde758104d31" },
]

[[package]]
name = "pluggy"
version = "1.6.0"
source = { registry = "https://mirrors.aliyun.com/pypi/simple" }
sdist = { url = "https://mirrors.aliyun.com/pypi/packages/f9/e2/3e91f31a7d2b083fe6ef3fa267035b518369d9511ffab804f839851d2779/pluggy-1.6.0.tar.gz", hash = "sha256:7dcc130b76258d33b90f61b658791dede3486c3e6bfb003ee5c9bfb396dd22f3" }
wheels = [
    { url = "https://mirrors.aliyun.com/pypi/packages/54/20/4d324d65cc6d9205fabedc306948156824eb9f0ee1633355a8f7ec5c66bf/pluggy-1.6.0-py3-none-any.whl", hash = "sha256:e920276dd6813095e9377c0bc5566d94c932c33b27a3e3945d8389c374dd4746" },
]

[[package]]
name = "pre-commit"
version = "4.5.1"
source = { registry = "https://mirrors.aliyun.com/pypi/simple" }
dependencies = [
    { name = "cfgv", marker = "(platform_machine == 'arm64' and sys_platform == 'darwin') or (platform_machine == 'x86_64' and sys_platform == 'linux')" },
    { name = "identify", marker = "(platform_machine == 'arm64' and sys_platform == 'darwin') or (platform_machine == 'x86_64' and sys_platform == 'linux')" },
    { name = "nodeenv", marker = "(platform_machine == 'arm64' and sys_platform == 'darwin') or (platform_machine == 'x86_64' and sys_platform == 'linux')" },
    { name = "pyyaml", marker = "(platform_machine == 'arm64' and sys_platform == 'darwin') or (platform_machine == 'x86_64' and sys_platform == 'linux')" },
    { name = "virtualenv", marker = "(platform_machine == 'arm64' and sys_platform == 'darwin') or (platform_machine == 'x86_64' and sys_platform == 'linux')" },
]
sdist = { url = "https://mirrors.aliyun.com/pypi/packages/40/f1/6d86a29246dfd2e9b6237f0b5823717f60cad94d47ddc26afa916d21f525/pre_commit-4.5.1.tar.gz", hash = "sha256:eb545fcff725875197837263e977ea257a402056661f09dae08e4b149b030a61" }
wheels = [
    { url = "https://mirrors.aliyun.com/pypi/packages/5d/19/fd3ef348460c80af7bb4669ea7926651d1f95c23ff2df18b9d24bab4f3fa/pre_commit-4.5.1-py2.py3-none-any.whl", hash = "sha256:3b3afd891e97337708c1674210f8eba659b52a38ea5f822ff142d10786221f77" },
]

[[package]]
name = "pygments"
version = "2.19.2"
source = { registry = "https://mirrors.aliyun.com/pypi/simple" }
sdist = { url = "https://mirrors.aliyun.com/pypi/packages/b0/77/a5b8c569bf593b0140bde72ea885a803b82086995367bf2037de0159d924/pygments-2.19.2.tar.gz", hash = "sha256:636cb2477cec7f8952536970bc533bc43743542f70392ae026374600add5b887" }
wheels = [
    { url = "https://mirrors.aliyun.com/pypi/packages/c7/21/705964c7812476f378728bdf590ca4b771ec72385c533964653c68e86bdc/pygments-2.19.2-py3-none-any.whl", hash = "sha256:86540386c03d588bb81d44bc3928634ff26449851e99741617ecb9037ee5ec0b" },
]

[[package]]
name = "pytest"
version = "9.0.2"
source = { registry = "https://mirrors.aliyun.com/pypi/simple" }
dependencies = [
    { name = "exceptiongroup", marker = "(python_full_version < '3.11' and platform_machine == 'arm64' and sys_platform == 'darwin') or (python_full_version < '3.11' and platform_machine == 'x86_64' and sys_platform == 'linux')" },
    { name = "iniconfig", marker = "(platform_machine == 'arm64' and sys_platform == 'darwin') or (platform_machine == 'x86_64' and sys_platform == 'linux')" },
    { name = "packaging", marker = "(platform_machine == 'arm64' and sys_platform == 'darwin') or (platform_machine == 'x86_64' and sys_platform == 'linux')" },
    { name = "pluggy", marker = "(platform_machine == 'arm64' and sys_platform == 'darwin') or (platform_machine == 'x86_64' and sys_platform == 'linux')" },
    { name = "pygments", marker = "(platform_machine == 'arm64' and sys_platform == 'darwin') or (platform_machine == 'x86_64' and sys_platform == 'linux')" },
    { name = "tomli", marker = "(python_full_version < '3.11' and platform_machine == 'arm64' and sys_platform == 'darwin') or (python_full_version < '3.11' and platform_machine == 'x86_64' and sys_platform == 'linux')" },
]
sdist = { url = "https://mirrors.aliyun.com/pypi/packages/d1/db/7ef3487e0fb0049ddb5ce41d3a49c235bf9ad299b6a25d5780a89f19230f/pytest-9.0.2.tar.gz", hash = "sha256:75186651a92bd89611d1d9fc20f0b4345fd827c41ccd5c299a868a05d70edf11" }
wheels = [
    { url = "https://mirrors.aliyun.com/pypi/packages/3b/ab/b3226f0bd7cdcf710fbede2b3548584366da3b19b5021e74f5bde2a8fa3f/pytest-9.0.2-py3-none-any.whl", hash = "sha256:711ffd45bf766d5264d487b917733b453d917afd2b0ad65223959f59089f875b" },
]

[[package]]
name = "pytest-cov"
version = "7.0.0"
source = { registry = "https://mirrors.aliyun.com/pypi/simple" }
dependencies = [
    { name = "coverage", extra = ["toml"], marker = "(platform_machine == 'arm64' and sys_platform == 'darwin') or (platform_machine == 'x86_64' and sys_platform == 'linux')" },
    { name = "pluggy", marker = "(platform_machine == 'arm64' and sys_platform == 'darwin') or (platform_machine == 'x86_64' and sys_platform == 'linux')" },
    { name = "pytest", marker = "(platform_machine == 'arm64' and sys_platform == 'darwin') or (platform_machine == 'x86_64' and sys_platform == 'linux')" },
]
sdist = { url = "https://mirrors.aliyun.com/pypi/packages/5e/f7/c933acc76f5208b3b00089573cf6a2bc26dc80a8aece8f52bb7d6b1855ca/pytest_cov-7.0.0.tar.gz", hash = "sha256:33c97eda2e049a0c5298e91f519302a1334c26ac65c1a483d6206fd458361af1" }
wheels = [
    { url = "https://mirrors.aliyun.com/pypi/packages/ee/49/1377b49de7d0c1ce41292161ea0f721913fa8722c19fb9c1e3aa0367eecb/pytest_cov-7.0.0-py3-none-any.whl", hash = "sha256:3b8e9558b16cc1479da72058bdecf8073661c7f57f7d3c5f22a1c23507f2d861" },
]

[[package]]
name = "pyyaml"
version = "6.0.3"
source = { registry = "https://mirrors.aliyun.com/pypi/simple" }
sdist = { url = "https://mirrors.aliyun.com/pypi/packages/05/8e/961c0007c59b8dd7729d542c61a4d537767a59645b82a0b521206e1e25c2/pyyaml-6.0.3.tar.gz", hash = "sha256:d76623373421df22fb4cf8817020cbb7ef15c725b9d5e45f17e189bfc384190f" }
wheels = [
    { url = "https://mirrors.aliyun.com/pypi/packages/05/14/52d505b5c59ce73244f59c7a50ecf47093ce4765f116cdb98286a71eeca2/pyyaml-6.0.3-cp310-cp310-macosx_11_0_arm64.whl", hash = "sha256:02ea2dfa234451bbb8772601d7b8e426c2bfa197136796224e50e35a78777956" },
    { url = "https://mirrors.aliyun.com/pypi/packages/7a/1e/7acc4f0e74c4b3d9531e24739e0ab832a5edf40e64fbae1a9c01941cabd7/pyyaml-6.0.3-cp310-cp310-manylinux2014_x86_64.manylinux_2_17_x86_64.manylinux_2_28_x86_64.whl", hash = "sha256:9c7708761fccb9397fe64bbc0395abcae8c4bf7b0eac081e12b809bf47700d0b" },
    { url = "https://mirrors.aliyun.com/pypi/packages/1f/15/2bc9c8faf6450a8b3c9fc5448ed869c599c0a74ba2669772b1f3a0040180/pyyaml-6.0.3-cp310-cp310-musllinux_1_2_x86_64.whl", hash = "sha256:5e0b74767e5f8c593e8c9b5912019159ed0533c70051e9cce3e8b6aa699fcd69" },
    { url = "https://mirrors.aliyun.com/pypi/packages/16/19/13de8e4377ed53079ee996e1ab0a9c33ec2faf808a4647b7b4c0d46dd239/pyyaml-6.0.3-cp311-cp311-macosx_11_0_arm64.whl", hash = "sha256:652cb6edd41e718550aad172851962662ff2681490a8a711af6a4d288dd96824" },
    { url = "https://mirrors.aliyun.com/pypi/packages/71/60/917329f640924b18ff085ab889a11c763e0b573da888e8404ff486657602/pyyaml-6.0.3-cp311-cp311-manylinux2014_x86_64.manylinux_2_17_x86_64.manylinux_2_28_x86_64.whl", hash = "sha256:b8bb0864c5a28024fac8a632c443c87c5aa6f215c0b126c449ae1a150412f31d" },
    { url = "https://mirrors.aliyun.com/pypi/packages/f2/6a/b627b4e0c1dd03718543519ffb2f1deea4a1e6d42fbab8021936a4d22589/pyyaml-6.0.3-cp311-cp311-musllinux_1_2_x86_64.whl", hash = "sha256:37503bfbfc9d2c40b344d06b2199cf0e96e97957ab1c1b546fd4f87e53e5d3e4" },
    { url = "https://mirrors.aliyun.com/pypi/packages/89/a0/6cf41a19a1f2f3feab0e9c0b74134aa2ce6849093d5517a0c550fe37a648/pyyaml-6.0.3-cp312-cp312-macosx_11_0_arm64.whl", hash = "sha256:fc09d0aa354569bc501d4e787133afc08552722d3ab34836a80547331bb5d4a0" },
    { url = "https://mirrors.aliyun.com/pypi/packages/8b/9d/b3589d3877982d4f2329302ef98a8026e7f4443c765c46cfecc8858c6b4b/pyyaml-6.0.3-cp312-cp312-manylinux2014_x86_64.manylinux_2_17_x86_64.manylinux_2_28_x86_64.whl", hash = "sha256:ba1cc08a7ccde2d2ec775841541641e4548226580ab850948cbfda66a1befcdc" },
    { url = "https://mirrors.aliyun.com/pypi/packages/be/8e/98435a21d1d4b46590d5459a22d88128103f8da4c2d4cb8f14f2a96504e1/pyyaml-6.0.3-cp312-cp312-musllinux_1_2_x86_64.whl", hash = "sha256:41715c910c881bc081f1e8872880d3c650acf13dfa8214bad49ed4cede7c34ea" },
    { url = "https://mirrors.aliyun.com/pypi/packages/b1/16/95309993f1d3748cd644e02e38b75d50cbc0d9561d21f390a76242ce073f/pyyaml-6.0.3-cp313-cp313-macosx_11_0_arm64.whl", hash = "sha256:2283a07e2c21a2aa78d9c4442724ec1eb15f5e42a723b99cb3d822d48f5f7ad1" },
    { url = "https://mirrors.aliyun.com/pypi/packages/74/27/e5b8f34d02d9995b80abcef563ea1f8b56d20134d8f4e5e81733b1feceb2/pyyaml-6.0.3-cp313-cp313-manylinux2014_x86_64.manylinux_2_17_x86_64.manylinux_2_28_x86_64.whl", hash = "sha256:0f29edc409a6392443abf94b9cf89ce99889a1dd5376d94316ae5145dfedd5d6" },
    { url = "https://mirrors.aliyun.com/pypi/packages/3d/e0/7966e1a7bfc0a45bf0a7fb6b98ea03fc9b8d84fa7f2229e9659680b69ee3/pyyaml-6.0.3-cp313-cp313-musllinux_1_2_x86_64.whl", hash = "sha256:eda16858a3cab07b80edaf74336ece1f986ba330fdb8ee0d6c0d68fe82bc96be" },
]

[[package]]
name = "ruff"
version = "0.14.14"
source = { registry = "https://mirrors.aliyun.com/pypi/simple" }
sdist = { url = "https://mirrors.aliyun.com/pypi/packages/2e/06/f71e3a86b2df0dfa2d2f72195941cd09b44f87711cb7fa5193732cb9a5fc/ruff-0.14.14.tar.gz", hash = "sha256:2d0f819c9a90205f3a867dbbd0be083bee9912e170fd7d9704cc8ae45824896b" }
wheels = [
    { url = "https://mirrors.aliyun.com/pypi/packages/b8/7c/3c1db59a10e7490f8f6f8559d1db8636cbb13dccebf18686f4e3c9d7c772/ruff-0.14.14-py3-none-macosx_11_0_arm64.whl", hash = "sha256:026c1d25996818f0bf498636686199d9bd0d9d6341c9c2c3b62e2a0198b758de" },
    { url = "https://mirrors.aliyun.com/pypi/packages/ca/71/37daa46f89475f8582b7762ecd2722492df26421714a33e72ccc9a84d7a5/ruff-0.14.14-py3-none-manylinux_2_17_x86_64.manylinux2014_x86_64.whl", hash = "sha256:bb8481604b7a9e75eff53772496201690ce2687067e038b3cc31aaf16aa0b974" },
    { url = "https://mirrors.aliyun.com/pypi/packages/6a/5b/aaf1dfbcc53a2811f6cc0a1759de24e4b03e02ba8762daabd9b6bd8c59e3/ruff-0.14.14-py3-none-musllinux_1_2_x86_64.whl", hash = "sha256:16bc890fb4cc9781bb05beb5ab4cd51be9e7cb376bf1dd3580512b24eb3fda2b" },
]

[[package]]
name = "tomli"
version = "2.4.0"
source = { registry = "https://mirrors.aliyun.com/pypi/simple" }
sdist = { url = "https://mirrors.aliyun.com/pypi/packages/82/30/31573e9457673ab10aa432461bee537ce6cef177667deca369efb79df071/tomli-2.4.0.tar.gz", hash = "sha256:aa89c3f6c277dd275d8e243ad24f3b5e701491a860d5121f2cdd399fbb31fc9c" }
wheels = [
    { url = "https://mirrors.aliyun.com/pypi/packages/51/32/ef9f6845e6b9ca392cd3f64f9ec185cc6f09f0a2df3db08cbe8809d1d435/tomli-2.4.0-cp311-cp311-macosx_11_0_arm64.whl", hash = "sha256:5572e41282d5268eb09a697c89a7bee84fae66511f87533a6f88bd2f7b652da9" },
    { url = "https://mirrors.aliyun.com/pypi/packages/b3/40/e1b65986dbc861b7e986e8ec394598187fa8aee85b1650b01dd925ca0be8/tomli-2.4.0-cp311-cp311-manylinux2014_x86_64.manylinux_2_17_x86_64.manylinux_2_28_x86_64.whl", hash = "sha256:5e3f639a7a8f10069d0e15408c0b96a2a828cfdec6fca05296ebcdcc28ca7c76" },
    { url = "https://mirrors.aliyun.com/pypi/packages/aa/ad/cb089cb190487caa80204d503c7fd0f4d443f90b95cf4ef5cf5aa0f439b0/tomli-2.4.0-cp311-cp311-musllinux_1_2_x86_64.whl", hash = "sha256:133e93646ec4300d651839d382d63edff11d8978be23da4cc106f5a18b7d0576" },
    { url = "https://mirrors.aliyun.com/pypi/packages/e9/05/2f9bf110b5294132b2edf13fe6ca6ae456204f3d749f623307cbb7a946f2/tomli-2.4.0-cp312-cp312-macosx_11_0_arm64.whl", hash = "sha256:7d6d9a4aee98fac3eab4952ad1d73aee87359452d1c086b5ceb43ed02ddb16b8" },
    { url = "https://mirrors.aliyun.com/pypi/packages/d2/6d/02ff5ab6c8868b41e7d4b987ce2b5f6a51d3335a70aa144edd999e055a01/tomli-2.4.0-cp312-cp312-manylinux2014_x86_64.manylinux_2_17_x86_64.manylinux_2_28_x86_64.whl", hash = "sha256:1c8a885b370751837c029ef9bc014f27d80840e48bac415f3412e6593bbc18c1" },
    { url = "https://mirrors.aliyun.com/pypi/packages/2c/0e/2e37568edd944b4165735687cbaf2fe3648129e440c26d02223672ee0630/tomli-2.4.0-cp312-cp312-musllinux_1_2_x86_64.whl", hash = "sha256:7b438885858efd5be02a9a133caf5812b8776ee0c969fea02c45e8e3f296ba51" },
    { url = "https://mirrors.aliyun.com/pypi/packages/20/aa/64dd73a5a849c2e8f216b755599c511badde80e91e9bc2271baa7b2cdbb1/tomli-2.4.0-cp313-cp313-macosx_11_0_arm64.whl", hash = "sha256:9a08144fa4cba33db5255f9b74f0b89888622109bd2776148f2597447f92a94e" },
    { url = "https://mirrors.aliyun.com/pypi/packages/59/bb/8002fadefb64ab2669e5b977df3f5e444febea60e717e755b38bb7c41029/tomli-2.4.0-cp313-cp313-manylinux2014_x86_64.manylinux_2_17_x86_64.manylinux_2_28_x86_64.whl", hash = "sha256:1fb2945cbe303b1419e2706e711b7113da57b7db31ee378d08712d678a34e51e" },
    { url = "https://mirrors.aliyun.com/pypi/packages/f2/4a/5f25789f9a460bd858ba9756ff52d0830d825b458e13f754952dd15fb7bb/tomli-2.4.0-cp313-cp313-musllinux_1_2_x86_64.whl", hash = "sha256:4cbcb367d44a1f0c2be408758b43e1ffb5308abe0ea222897d6bfc8e8281ef2f" },
    { url = "https://mirrors.aliyun.com/pypi/packages/23/d1/136eb2cb77520a31e1f64cbae9d33ec6df0d78bdf4160398e86eec8a8754/tomli-2.4.0-py3-none-any.whl", hash = "sha256:1f776e7d669ebceb01dee46484485f43a4048746235e683bcdffacdf1fb4785a" },
]

[[package]]
name = "typing-extensions"
version = "4.15.0"
source = { registry = "https://mirrors.aliyun.com/pypi/simple" }
sdist = { url = "https://mirrors.aliyun.com/pypi/packages/72/94/1a15dd82efb362ac84269196e94cf00f187f7ed21c242792a923cdb1c61f/typing_extensions-4.15.0.tar.gz", hash = "sha256:0cea48d173cc12fa28ecabc3b837ea3cf6f38c6d1136f85cbaaf598984861466" }
wheels = [
    { url = "https://mirrors.aliyun.com/pypi/packages/18/67/36e9267722cc04a6b9f15c7f3441c2363321a3ea07da7ae0c0707beb2a9c/typing_extensions-4.15.0-py3-none-any.whl", hash = "sha256:f0fa19c6845758ab08074a0cfa8b7aecb71c999ca73d62883bc25cc018c4e548" },
]

[[package]]
name = "virtualenv"
version = "20.36.1"
source = { registry = "https://mirrors.aliyun.com/pypi/simple" }
dependencies = [
    { name = "distlib", marker = "(platform_machine == 'arm64' and sys_platform == 'darwin') or (platform_machine == 'x86_64' and sys_platform == 'linux')" },
    { name = "filelock", marker = "(platform_machine == 'arm64' and sys_platform == 'darwin') or (platform_machine == 'x86_64' and sys_platform == 'linux')" },
    { name = "platformdirs", marker = "(platform_machine == 'arm64' and sys_platform == 'darwin') or (platform_machine == 'x86_64' and sys_platform == 'linux')" },
    { name = "typing-extensions", marker = "(python_full_version < '3.11' and platform_machine == 'arm64' and sys_platform == 'darwin') or (python_full_version < '3.11' and platform_machine == 'x86_64' and sys_platform == 'linux')" },
]
sdist = { url = "https://mirrors.aliyun.com/pypi/packages/aa/a3/4d310fa5f00863544e1d0f4de93bddec248499ccf97d4791bc3122c9d4f3/virtualenv-20.36.1.tar.gz", hash = "sha256:8befb5c81842c641f8ee658481e42641c68b5eab3521d8e092d18320902466ba" }
wheels = [
    { url = "https://mirrors.aliyun.com/pypi/packages/6a/2a/dc2228b2888f51192c7dc766106cd475f1b768c10caaf9727659726f7391/virtualenv-20.36.1-py3-none-any.whl", hash = "sha256:575a8d6b124ef88f6f51d56d656132389f961062a9177016a50e4f507bbcc19f" },
]
